
Microsoft Visual Studio Solution File, Format Version 12.00
# Visual Studio 15
VisualStudioVersion = 15.0.26730.3
MinimumVisualStudioVersion = 10.0.40219.1
Project("{9A19103F-16F7-4668-BE54-9A1E7A4F7556}") = "EquifaxGuid", "EquifaxGuid\EquifaxGuid.csproj", "{3208F388-26EB-424B-BCC0-BC714DD715FB}"
EndProject
Project("{9A19103F-16F7-4668-BE54-9A1E7A4F7556}") = "EquifaxGuid.Azure", "EquifaxGuid.Azure\EquifaxGuid.Azure.csproj", "{2984BBCC-6014-4542-BDCB-4B401A16AFC9}"
EndProject
Global
	GlobalSection(SolutionConfigurationPlatforms) = preSolution
		Debug|Any CPU = Debug|Any CPU
		Release|Any CPU = Release|Any CPU
	EndGlobalSection
	GlobalSection(ProjectConfigurationPlatforms) = postSolution
		{3208F388-26EB-424B-BCC0-BC714DD715FB}.Debug|Any CPU.ActiveCfg = Debug|Any CPU
		{3208F388-26EB-424B-BCC0-BC714DD715FB}.Debug|Any CPU.Build.0 = Debug|Any CPU
		{3208F388-26EB-424B-BCC0-BC714DD715FB}.Release|Any CPU.ActiveCfg = Release|Any CPU
		{3208F388-26EB-424B-BCC0-BC714DD715FB}.Release|Any CPU.Build.0 = Release|Any CPU
		{2984BBCC-6014-4542-BDCB-4B401A16AFC9}.Debug|Any CPU.ActiveCfg = Debug|Any CPU
		{2984BBCC-6014-4542-BDCB-4B401A16AFC9}.Debug|Any CPU.Build.0 = Debug|Any CPU
		{2984BBCC-6014-4542-BDCB-4B401A16AFC9}.Release|Any CPU.ActiveCfg = Release|Any CPU
		{2984BBCC-6014-4542-BDCB-4B401A16AFC9}.Release|Any CPU.Build.0 = Release|Any CPU
	EndGlobalSection
	GlobalSection(SolutionProperties) = preSolution
		HideSolutionNode = FALSE
	EndGlobalSection
	GlobalSection(ExtensibilityGlobals) = postSolution
		SolutionGuid = {0B1DEBA5-1313-4A67-8E5C-CFD51CB9E146}
	EndGlobalSection
EndGlobal
